
Microsoft Visual Studio Solution File, Format Version 12.00
# Visual Studio Version 17
VisualStudioVersion = 17.2.32616.157
MinimumVisualStudioVersion = 10.0.40219.1
Project("{FAE04EC0-301F-11D3-BF4B-00C04F79EFBC}") = "Registro", "Registro\Registro.csproj", "{172D0E07-C563-4B05-A8A2-2B0084640F94}"
EndProject
Global
	GlobalSection(SolutionConfigurationPlatforms) = preSolution
		Debug|Any CPU = Debug|Any CPU
		Release|Any CPU = Release|Any CPU
	EndGlobalSection
	GlobalSection(ProjectConfigurationPlatforms) = postSolution
		{172D0E07-C563-4B05-A8A2-2B0084640F94}.Debug|Any CPU.ActiveCfg = Debug|Any CPU
		{172D0E07-C563-4B05-A8A2-2B0084640F94}.Debug|Any CPU.Build.0 = Debug|Any CPU
		{172D0E07-C563-4B05-A8A2-2B0084640F94}.Release|Any CPU.ActiveCfg = Release|Any CPU
		{172D0E07-C563-4B05-A8A2-2B0084640F94}.Release|Any CPU.Build.0 = Release|Any CPU
	EndGlobalSection
	GlobalSection(SolutionProperties) = preSolution
		HideSolutionNode = FALSE
	EndGlobalSection
	GlobalSection(ExtensibilityGlobals) = postSolution
		SolutionGuid = {BF8B24B5-56F2-42F2-94EF-A2AC6ED71291}
	EndGlobalSection
EndGlobal
